
Microsoft Visual Studio Solution File, Format Version 12.00
# Visual Studio Version 16
VisualStudioVersion = 16.0.31624.102
MinimumVisualStudioVersion = 10.0.40219.1
Project("{FAE04EC0-301F-11D3-BF4B-00C04F79EFBC}") = "Pratice9Ternory", "Pratice9Ternory\Pratice9Ternory.csproj", "{998B65C1-01EC-4ECE-9E1A-A8F5C2E5C37E}"
EndProject
Global
	GlobalSection(SolutionConfigurationPlatforms) = preSolution
		Debug|Any CPU = Debug|Any CPU
		Release|Any CPU = Release|Any CPU
	EndGlobalSection
	GlobalSection(ProjectConfigurationPlatforms) = postSolution
		{998B65C1-01EC-4ECE-9E1A-A8F5C2E5C37E}.Debug|Any CPU.ActiveCfg = Debug|Any CPU
		{998B65C1-01EC-4ECE-9E1A-A8F5C2E5C37E}.Debug|Any CPU.Build.0 = Debug|Any CPU
		{998B65C1-01EC-4ECE-9E1A-A8F5C2E5C37E}.Release|Any CPU.ActiveCfg = Release|Any CPU
		{998B65C1-01EC-4ECE-9E1A-A8F5C2E5C37E}.Release|Any CPU.Build.0 = Release|Any CPU
	EndGlobalSection
	GlobalSection(SolutionProperties) = preSolution
		HideSolutionNode = FALSE
	EndGlobalSection
	GlobalSection(ExtensibilityGlobals) = postSolution
		SolutionGuid = {FF81CB11-E0BC-4608-9027-4A09E24EDE87}
	EndGlobalSection
EndGlobal
